// !$*UTF8*$!
{
	archiveVersion = 1;
	classes = {
	};
	objectVersion = 56;
	objects = {

/* Begin PBXBuildFile section */
		F5C2A2B129E296DC008216FC /* AppDelegate.swift in Sources */ = {isa = PBXBuildFile; fileRef = F5C2A2B029E296DC008216FC /* AppDelegate.swift */; };
		F5C2A2B329E296DC008216FC /* SceneDelegate.swift in Sources */ = {isa = PBXBuildFile; fileRef = F5C2A2B229E296DC008216FC /* SceneDelegate.swift */; };
		F5C2A2B529E296DC008216FC /* ViewController.swift in Sources */ = {isa = PBXBuildFile; fileRef = F5C2A2B429E296DC008216FC /* ViewController.swift */; };
		F5C2A2B829E296DC008216FC /* Main.storyboard in Resources */ = {isa = PBXBuildFile; fileRef = F5C2A2B629E296DC008216FC /* Main.storyboard */; };
		F5C2A2BA29E296DC008216FC /* Assets.xcassets in Resources */ = {isa = PBXBuildFile; fileRef = F5C2A2B929E296DC008216FC /* Assets.xcassets */; };
		F5C2A2BD29E296DC008216FC /* LaunchScreen.storyboard in Resources */ = {isa = PBXBuildFile; fileRef = F5C2A2BB29E296DC008216FC /* LaunchScreen.storyboard */; };
		F5C2A2D229E296DC008216FC /* EXUITests.swift in Sources */ = {isa = PBXBuildFile; fileRef = F5C2A2D129E296DC008216FC /* EXUITests.swift */; };
		F5C2A2E229E29763008216FC /* AutoloadSwizzlings.m in Sources */ = {isa = PBXBuildFile; fileRef = F5C2A2E129E29763008216FC /* AutoloadSwizzlings.m */; };
		F5C2A2E429E29787008216FC /* XCTestSuite+Swizzle.swift in Sources */ = {isa = PBXBuildFile; fileRef = F5C2A2E329E29787008216FC /* XCTestSuite+Swizzle.swift */; };
/* End PBXBuildFile section */

/* Begin PBXContainerItemProxy section */
		F5C2A2CE29E296DC008216FC /* PBXContainerItemProxy */ = {
			isa = PBXContainerItemProxy;
			containerPortal = F5C2A2A529E296DC008216FC /* Project object */;
			proxyType = 1;
			remoteGlobalIDString = F5C2A2AC29E296DC008216FC;
			remoteInfo = EX;
		};
/* End PBXContainerItemProxy section */

/* Begin PBXFileReference section */
		F5C2A2AD29E296DC008216FC /* EX.app */ = {isa = PBXFileReference; explicitFileType = wrapper.application; includeInIndex = 0; path = EX.app; sourceTree = BUILT_PRODUCTS_DIR; };
		F5C2A2B029E296DC008216FC /* AppDelegate.swift */ = {isa = PBXFileReference; lastKnownFileType = sourcecode.swift; path = AppDelegate.swift; sourceTree = "<group>"; };
		F5C2A2B229E296DC008216FC /* SceneDelegate.swift */ = {isa = PBXFileReference; lastKnownFileType = sourcecode.swift; path = SceneDelegate.swift; sourceTree = "<group>"; };
		F5C2A2B429E296DC008216FC /* ViewController.swift */ = {isa = PBXFileReference; lastKnownFileType = sourcecode.swift; path = ViewController.swift; sourceTree = "<group>"; };
		F5C2A2B729E296DC008216FC /* Base */ = {isa = PBXFileReference; lastKnownFileType = file.storyboard; name = Base; path = Base.lproj/Main.storyboard; sourceTree = "<group>"; };
		F5C2A2B929E296DC008216FC /* Assets.xcassets */ = {isa = PBXFileReference; lastKnownFileType = folder.assetcatalog; path = Assets.xcassets; sourceTree = "<group>"; };
		F5C2A2BC29E296DC008216FC /* Base */ = {isa = PBXFileReference; lastKnownFileType = file.storyboard; name = Base; path = Base.lproj/LaunchScreen.storyboard; sourceTree = "<group>"; };
		F5C2A2BE29E296DC008216FC /* Info.plist */ = {isa = PBXFileReference; lastKnownFileType = text.plist.xml; path = Info.plist; sourceTree = "<group>"; };
		F5C2A2CD29E296DC008216FC /* EXUITests.xctest */ = {isa = PBXFileReference; explicitFileType = wrapper.cfbundle; includeInIndex = 0; path = EXUITests.xctest; sourceTree = BUILT_PRODUCTS_DIR; };
		F5C2A2D129E296DC008216FC /* EXUITests.swift */ = {isa = PBXFileReference; lastKnownFileType = sourcecode.swift; path = EXUITests.swift; sourceTree = "<group>"; };
		F5C2A2E029E29763008216FC /* EXUITests-Bridging-Header.h */ = {isa = PBXFileReference; lastKnownFileType = sourcecode.c.h; path = "EXUITests-Bridging-Header.h"; sourceTree = "<group>"; };
		F5C2A2E129E29763008216FC /* AutoloadSwizzlings.m */ = {isa = PBXFileReference; lastKnownFileType = sourcecode.c.objc; path = AutoloadSwizzlings.m; sourceTree = "<group>"; };
		F5C2A2E329E29787008216FC /* XCTestSuite+Swizzle.swift */ = {isa = PBXFileReference; lastKnownFileType = sourcecode.swift; path = "XCTestSuite+Swizzle.swift"; sourceTree = "<group>"; };
/* End PBXFileReference section */

/* Begin PBXFrameworksBuildPhase section */
		F5C2A2AA29E296DC008216FC /* Frameworks */ = {
			isa = PBXFrameworksBuildPhase;
			buildActionMask = 2147483647;
			files = (
			);
			runOnlyForDeploymentPostprocessing = 0;
		};
		F5C2A2CA29E296DC008216FC /* Frameworks */ = {
			isa = PBXFrameworksBuildPhase;
			buildActionMask = 2147483647;
			files = (
			);
			runOnlyForDeploymentPostprocessing = 0;
		};
/* End PBXFrameworksBuildPhase section */

/* Begin PBXGroup section */
		F5C2A2A429E296DC008216FC = {
			isa = PBXGroup;
			children = (
				F5C2A2AF29E296DC008216FC /* EX */,
				F5C2A2D029E296DC008216FC /* EXUITests */,
				F5C2A2AE29E296DC008216FC /* Products */,
			);
			sourceTree = "<group>";
		};
		F5C2A2AE29E296DC008216FC /* Products */ = {
			isa = PBXGroup;
			children = (
				F5C2A2AD29E296DC008216FC /* EX.app */,
				F5C2A2CD29E296DC008216FC /* EXUITests.xctest */,
			);
			name = Products;
			sourceTree = "<group>";
		};
		F5C2A2AF29E296DC008216FC /* EX */ = {
			isa = PBXGroup;
			children = (
				F5C2A2B029E296DC008216FC /* AppDelegate.swift */,
				F5C2A2B229E296DC008216FC /* SceneDelegate.swift */,
				F5C2A2B429E296DC008216FC /* ViewController.swift */,
				F5C2A2B629E296DC008216FC /* Main.storyboard */,
				F5C2A2B929E296DC008216FC /* Assets.xcassets */,
				F5C2A2BB29E296DC008216FC /* LaunchScreen.storyboard */,
				F5C2A2BE29E296DC008216FC /* Info.plist */,
			);
			path = EX;
			sourceTree = "<group>";
		};
		F5C2A2D029E296DC008216FC /* EXUITests */ = {
			isa = PBXGroup;
			children = (
				F5C2A2D129E296DC008216FC /* EXUITests.swift */,
				F5C2A2E129E29763008216FC /* AutoloadSwizzlings.m */,
				F5C2A2E029E29763008216FC /* EXUITests-Bridging-Header.h */,
				F5C2A2E329E29787008216FC /* XCTestSuite+Swizzle.swift */,
			);
			path = EXUITests;
			sourceTree = "<group>";
		};
/* End PBXGroup section */

/* Begin PBXNativeTarget section */
		F5C2A2AC29E296DC008216FC /* EX */ = {
			isa = PBXNativeTarget;
			buildConfigurationList = F5C2A2D729E296DC008216FC /* Build configuration list for PBXNativeTarget "EX" */;
			buildPhases = (
				F5C2A2A929E296DC008216FC /* Sources */,
				F5C2A2AA29E296DC008216FC /* Frameworks */,
				F5C2A2AB29E296DC008216FC /* Resources */,
			);
			buildRules = (
			);
			dependencies = (
			);
			name = EX;
			productName = EX;
			productReference = F5C2A2AD29E296DC008216FC /* EX.app */;
			productType = "com.apple.product-type.application";
		};
		F5C2A2CC29E296DC008216FC /* EXUITests */ = {
			isa = PBXNativeTarget;
			buildConfigurationList = F5C2A2DD29E296DC008216FC /* Build configuration list for PBXNativeTarget "EXUITests" */;
			buildPhases = (
				F5C2A2C929E296DC008216FC /* Sources */,
				F5C2A2CA29E296DC008216FC /* Frameworks */,
				F5C2A2CB29E296DC008216FC /* Resources */,
			);
			buildRules = (
			);
			dependencies = (
				F5C2A2CF29E296DC008216FC /* PBXTargetDependency */,
			);
			name = EXUITests;
			productName = EXUITests;
			productReference = F5C2A2CD29E296DC008216FC /* EXUITests.xctest */;
			productType = "com.apple.product-type.bundle.ui-testing";
		};
/* End PBXNativeTarget section */

/* Begin PBXProject section */
		F5C2A2A529E296DC008216FC /* Project object */ = {
			isa = PBXProject;
			attributes = {
				BuildIndependentTargetsInParallel = 1;
				LastSwiftUpdateCheck = 1410;
				LastUpgradeCheck = 1410;
				TargetAttributes = {
					F5C2A2AC29E296DC008216FC = {
						CreatedOnToolsVersion = 14.1;
					};
					F5C2A2CC29E296DC008216FC = {
						CreatedOnToolsVersion = 14.1;
						LastSwiftMigration = 1410;
						TestTargetID = F5C2A2AC29E296DC008216FC;
					};
				};
			};
			buildConfigurationList = F5C2A2A829E296DC008216FC /* Build configuration list for PBXProject "EX" */;
			compatibilityVersion = "Xcode 14.0";
			developmentRegion = en;
			hasScannedForEncodings = 0;
			knownRegions = (
				en,
				Base,
			);
			mainGroup = F5C2A2A429E296DC008216FC;
			productRefGroup = F5C2A2AE29E296DC008216FC /* Products */;
			projectDirPath = "";
			projectRoot = "";
			targets = (
				F5C2A2AC29E296DC008216FC /* EX */,
				F5C2A2CC29E296DC008216FC /* EXUITests */,
			);
		};
/* End PBXProject section */

/* Begin PBXResourcesBuildPhase section */
		F5C2A2AB29E296DC008216FC /* Resources */ = {
			isa = PBXResourcesBuildPhase;
			buildActionMask = 2147483647;
			files = (
				F5C2A2BD29E296DC008216FC /* LaunchScreen.storyboard in Resources */,
				F5C2A2BA29E296DC008216FC /* Assets.xcassets in Resources */,
				F5C2A2B829E296DC008216FC /* Main.storyboard in Resources */,
			);
			runOnlyForDeploymentPostprocessing = 0;
		};
		F5C2A2CB29E296DC008216FC /* Resources */ = {
			isa = PBXResourcesBuildPhase;
			buildActionMask = 2147483647;
			files = (
			);
			runOnlyForDeploymentPostprocessing = 0;
		};
/* End PBXResourcesBuildPhase section */

/* Begin PBXSourcesBuildPhase section */
		F5C2A2A929E296DC008216FC /* Sources */ = {
			isa = PBXSourcesBuildPhase;
			buildActionMask = 2147483647;
			files = (
				F5C2A2B529E296DC008216FC /* ViewController.swift in Sources */,
				F5C2A2B129E296DC008216FC /* AppDelegate.swift in Sources */,
				F5C2A2B329E296DC008216FC /* SceneDelegate.swift in Sources */,
			);
			runOnlyForDeploymentPostprocessing = 0;
		};
		F5C2A2C929E296DC008216FC /* Sources */ = {
			isa = PBXSourcesBuildPhase;
			buildActionMask = 2147483647;
			files = (
				F5C2A2E229E29763008216FC /* AutoloadSwizzlings.m in Sources */,
				F5C2A2E429E29787008216FC /* XCTestSuite+Swizzle.swift in Sources */,
				F5C2A2D229E296DC008216FC /* EXUITests.swift in Sources */,
			);
			runOnlyForDeploymentPostprocessing = 0;
		};
/* End PBXSourcesBuildPhase section */

/* Begin PBXTargetDependency section */
		F5C2A2CF29E296DC008216FC /* PBXTargetDependency */ = {
			isa = PBXTargetDependency;
			target = F5C2A2AC29E296DC008216FC /* EX */;
			targetProxy = F5C2A2CE29E296DC008216FC /* PBXContainerItemProxy */;
		};
/* End PBXTargetDependency section */

/* Begin PBXVariantGroup section */
		F5C2A2B629E296DC008216FC /* Main.storyboard */ = {
			isa = PBXVariantGroup;
			children = (
				F5C2A2B729E296DC008216FC /* Base */,
			);
			name = Main.storyboard;
			sourceTree = "<group>";
		};
		F5C2A2BB29E296DC008216FC /* LaunchScreen.storyboard */ = {
			isa = PBXVariantGroup;
			children = (
				F5C2A2BC29E296DC008216FC /* Base */,
			);
			name = LaunchScreen.storyboard;
			sourceTree = "<group>";
		};
/* End PBXVariantGroup section */

/* Begin XCBuildConfiguration section */
		F5C2A2D529E296DC008216FC /* Debug */ = {
			isa = XCBuildConfiguration;
			buildSettings = {
				ALWAYS_SEARCH_USER_PATHS = NO;
				CLANG_ANALYZER_NONNULL = YES;
				CLANG_ANALYZER_NUMBER_OBJECT_CONVERSION = YES_AGGRESSIVE;
				CLANG_CXX_LANGUAGE_STANDARD = "gnu++20";
				CLANG_ENABLE_MODULES = YES;
				CLANG_ENABLE_OBJC_ARC = YES;
				CLANG_ENABLE_OBJC_WEAK = YES;
				CLANG_WARN_BLOCK_CAPTURE_AUTORELEASING = YES;
				CLANG_WARN_BOOL_CONVERSION = YES;
				CLANG_WARN_COMMA = YES;
				CLANG_WARN_CONSTANT_CONVERSION = YES;
				CLANG_WARN_DEPRECATED_OBJC_IMPLEMENTATIONS = YES;
				CLANG_WARN_DIRECT_OBJC_ISA_USAGE = YES_ERROR;
				CLANG_WARN_DOCUMENTATION_COMMENTS = YES;
				CLANG_WARN_EMPTY_BODY = YES;
				CLANG_WARN_ENUM_CONVERSION = YES;
				CLANG_WARN_INFINITE_RECURSION = YES;
				CLANG_WARN_INT_CONVERSION = YES;
				CLANG_WARN_NON_LITERAL_NULL_CONVERSION = YES;
				CLANG_WARN_OBJC_IMPLICIT_RETAIN_SELF = YES;
				CLANG_WARN_OBJC_LITERAL_CONVERSION = YES;
				CLANG_WARN_OBJC_ROOT_CLASS = YES_ERROR;
				CLANG_WARN_QUOTED_INCLUDE_IN_FRAMEWORK_HEADER = YES;
				CLANG_WARN_RANGE_LOOP_ANALYSIS = YES;
				CLANG_WARN_STRICT_PROTOTYPES = YES;
				CLANG_WARN_SUSPICIOUS_MOVE = YES;
				CLANG_WARN_UNGUARDED_AVAILABILITY = YES_AGGRESSIVE;
				CLANG_WARN_UNREACHABLE_CODE = YES;
				CLANG_WARN__DUPLICATE_METHOD_MATCH = YES;
				COPY_PHASE_STRIP = NO;
				DEBUG_INFORMATION_FORMAT = dwarf;
				ENABLE_STRICT_OBJC_MSGSEND = YES;
				ENABLE_TESTABILITY = YES;
				GCC_C_LANGUAGE_STANDARD = gnu11;
				GCC_DYNAMIC_NO_PIC = NO;
				GCC_NO_COMMON_BLOCKS = YES;
				GCC_OPTIMIZATION_LEVEL = 0;
				GCC_PREPROCESSOR_DEFINITIONS = (
					"DEBUG=1",
					"$(inherited)",
				);
				GCC_WARN_64_TO_32_BIT_CONVERSION = YES;
				GCC_WARN_ABOUT_RETURN_TYPE = YES_ERROR;
				GCC_WARN_UNDECLARED_SELECTOR = YES;
				GCC_WARN_UNINITIALIZED_AUTOS = YES_AGGRESSIVE;
				GCC_WARN_UNUSED_FUNCTION = YES;
				GCC_WARN_UNUSED_VARIABLE = YES;
				IPHONEOS_DEPLOYMENT_TARGET = 16.1;
				MTL_ENABLE_DEBUG_INFO = INCLUDE_SOURCE;
				MTL_FAST_MATH = YES;
				ONLY_ACTIVE_ARCH = YES;
				SDKROOT = iphoneos;
				SWIFT_ACTIVE_COMPILATION_CONDITIONS = DEBUG;
				SWIFT_OPTIMIZATION_LEVEL = "-Onone";
			};
			name = Debug;
		};
		F5C2A2D629E296DC008216FC /* Release */ = {
			isa = XCBuildConfiguration;
			buildSettings = {
				ALWAYS_SEARCH_USER_PATHS = NO;
				CLANG_ANALYZER_NONNULL = YES;
				CLANG_ANALYZER_NUMBER_OBJECT_CONVERSION = YES_AGGRESSIVE;
				CLANG_CXX_LANGUAGE_STANDARD = "gnu++20";
				CLANG_ENABLE_MODULES = YES;
				CLANG_ENABLE_OBJC_ARC = YES;
				CLANG_ENABLE_OBJC_WEAK = YES;
				CLANG_WARN_BLOCK_CAPTURE_AUTORELEASING = YES;
				CLANG_WARN_BOOL_CONVERSION = YES;
				CLANG_WARN_COMMA = YES;
				CLANG_WARN_CONSTANT_CONVERSION = YES;
				CLANG_WARN_DEPRECATED_OBJC_IMPLEMENTATIONS = YES;
				CLANG_WARN_DIRECT_OBJC_ISA_USAGE = YES_ERROR;
				CLANG_WARN_DOCUMENTATION_COMMENTS = YES;
				CLANG_WARN_EMPTY_BODY = YES;
				CLANG_WARN_ENUM_CONVERSION = YES;
				CLANG_WARN_INFINITE_RECURSION = YES;
				CLANG_WARN_INT_CONVERSION = YES;
				CLANG_WARN_NON_LITERAL_NULL_CONVERSION = YES;
				CLANG_WARN_OBJC_IMPLICIT_RETAIN_SELF = YES;
				CLANG_WARN_OBJC_LITERAL_CONVERSION = YES;
				CLANG_WARN_OBJC_ROOT_CLASS = YES_ERROR;
				CLANG_WARN_QUOTED_INCLUDE_IN_FRAMEWORK_HEADER = YES;
				CLANG_WARN_RANGE_LOOP_ANALYSIS = YES;
				CLANG_WARN_STRICT_PROTOTYPES = YES;
				CLANG_WARN_SUSPICIOUS_MOVE = YES;
				CLANG_WARN_UNGUARDED_AVAILABILITY = YES_AGGRESSIVE;
				CLANG_WARN_UNREACHABLE_CODE = YES;
				CLANG_WARN__DUPLICATE_METHOD_MATCH = YES;
				COPY_PHASE_STRIP = NO;
				DEBUG_INFORMATION_FORMAT = "dwarf-with-dsym";
				ENABLE_NS_ASSERTIONS = NO;
				ENABLE_STRICT_OBJC_MSGSEND = YES;
				GCC_C_LANGUAGE_STANDARD = gnu11;
				GCC_NO_COMMON_BLOCKS = YES;
				GCC_WARN_64_TO_32_BIT_CONVERSION = YES;
				GCC_WARN_ABOUT_RETURN_TYPE = YES_ERROR;
				GCC_WARN_UNDECLARED_SELECTOR = YES;
				GCC_WARN_UNINITIALIZED_AUTOS = YES_AGGRESSIVE;
				GCC_WARN_UNUSED_FUNCTION = YES;
				GCC_WARN_UNUSED_VARIABLE = YES;
				IPHONEOS_DEPLOYMENT_TARGET = 16.1;
				MTL_ENABLE_DEBUG_INFO = NO;
				MTL_FAST_MATH = YES;
				SDKROOT = iphoneos;
				SWIFT_COMPILATION_MODE = wholemodule;
				SWIFT_OPTIMIZATION_LEVEL = "-O";
				VALIDATE_PRODUCT = YES;
			};
			name = Release;
		};
		F5C2A2D829E296DC008216FC /* Debug */ = {
			isa = XCBuildConfiguration;
			buildSettings = {
				ASSETCATALOG_COMPILER_APPICON_NAME = AppIcon;
				ASSETCATALOG_COMPILER_GLOBAL_ACCENT_COLOR_NAME = AccentColor;
				CODE_SIGN_STYLE = Automatic;
				CURRENT_PROJECT_VERSION = 1;
				GENERATE_INFOPLIST_FILE = YES;
				INFOPLIST_FILE = EX/Info.plist;
				INFOPLIST_KEY_UIApplicationSupportsIndirectInputEvents = YES;
				INFOPLIST_KEY_UILaunchStoryboardName = LaunchScreen;
				INFOPLIST_KEY_UIMainStoryboardFile = Main;
				INFOPLIST_KEY_UISupportedInterfaceOrientations_iPad = "UIInterfaceOrientationPortrait UIInterfaceOrientationPortraitUpsideDown UIInterfaceOrientationLandscapeLeft UIInterfaceOrientationLandscapeRight";
				INFOPLIST_KEY_UISupportedInterfaceOrientations_iPhone = "UIInterfaceOrientationPortrait UIInterfaceOrientationLandscapeLeft UIInterfaceOrientationLandscapeRight";
				LD_RUNPATH_SEARCH_PATHS = (
					"$(inherited)",
					"@executable_path/Frameworks",
				);
				MARKETING_VERSION = 1.0;
				PRODUCT_BUNDLE_IDENTIFIER = com.thuyen.EX;
				PRODUCT_NAME = "$(TARGET_NAME)";
				SWIFT_EMIT_LOC_STRINGS = YES;
				SWIFT_VERSION = 5.0;
				TARGETED_DEVICE_FAMILY = "1,2";
			};
			name = Debug;
		};
		F5C2A2D929E296DC008216FC /* Release */ = {
			isa = XCBuildConfiguration;
			buildSettings = {
				ASSETCATALOG_COMPILER_APPICON_NAME = AppIcon;
				ASSETCATALOG_COMPILER_GLOBAL_ACCENT_COLOR_NAME = AccentColor;
				CODE_SIGN_STYLE = Automatic;
				CURRENT_PROJECT_VERSION = 1;
				GENERATE_INFOPLIST_FILE = YES;
				INFOPLIST_FILE = EX/Info.plist;
				INFOPLIST_KEY_UIApplicationSupportsIndirectInputEvents = YES;
				INFOPLIST_KEY_UILaunchStoryboardName = LaunchScreen;
				INFOPLIST_KEY_UIMainStoryboardFile = Main;
				INFOPLIST_KEY_UISupportedInterfaceOrientations_iPad = "UIInterfaceOrientationPortrait UIInterfaceOrientationPortraitUpsideDown UIInterfaceOrientationLandscapeLeft UIInterfaceOrientationLandscapeRight";
				INFOPLIST_KEY_UISupportedInterfaceOrientations_iPhone = "UIInterfaceOrientationPortrait UIInterfaceOrientationLandscapeLeft UIInterfaceOrientationLandscapeRight";
				LD_RUNPATH_SEARCH_PATHS = (
					"$(inherited)",
					"@executable_path/Frameworks",
				);
				MARKETING_VERSION = 1.0;
				PRODUCT_BUNDLE_IDENTIFIER = com.thuyen.EX;
				PRODUCT_NAME = "$(TARGET_NAME)";
				SWIFT_EMIT_LOC_STRINGS = YES;
				SWIFT_VERSION = 5.0;
				TARGETED_DEVICE_FAMILY = "1,2";
			};
			name = Release;
		};
		F5C2A2DE29E296DC008216FC /* Debug */ = {
			isa = XCBuildConfiguration;
			buildSettings = {
				ALWAYS_EMBED_SWIFT_STANDARD_LIBRARIES = YES;
				CLANG_ENABLE_MODULES = YES;
				CODE_SIGN_STYLE = Automatic;
				CURRENT_PROJECT_VERSION = 1;
				GENERATE_INFOPLIST_FILE = YES;
				LD_RUNPATH_SEARCH_PATHS = (
					"$(inherited)",
					"@executable_path/Frameworks",
					"@loader_path/Frameworks",
				);
				MARKETING_VERSION = 1.0;
				PRODUCT_BUNDLE_IDENTIFIER = com.thuyen.EXUITests;
				PRODUCT_NAME = "$(TARGET_NAME)";
				SWIFT_EMIT_LOC_STRINGS = NO;
				SWIFT_OBJC_BRIDGING_HEADER = "EXUITests/EXUITests-Bridging-Header.h";
				SWIFT_OPTIMIZATION_LEVEL = "-Onone";
				SWIFT_VERSION = 5.0;
				TARGETED_DEVICE_FAMILY = "1,2";
				TEST_TARGET_NAME = EX;
			};
			name = Debug;
		};
		F5C2A2DF29E296DC008216FC /* Release */ = {
			isa = XCBuildConfiguration;
			buildSettings = {
				ALWAYS_EMBED_SWIFT_STANDARD_LIBRARIES = YES;
				CLANG_ENABLE_MODULES = YES;
				CODE_SIGN_STYLE = Automatic;
				CURRENT_PROJECT_VERSION = 1;
				GENERATE_INFOPLIST_FILE = YES;
				LD_RUNPATH_SEARCH_PATHS = (
					"$(inherited)",
					"@executable_path/Frameworks",
					"@loader_path/Frameworks",
				);
				MARKETING_VERSION = 1.0;
				PRODUCT_BUNDLE_IDENTIFIER = com.thuyen.EXUITests;
				PRODUCT_NAME = "$(TARGET_NAME)";
				SWIFT_EMIT_LOC_STRINGS = NO;
				SWIFT_OBJC_BRIDGING_HEADER = "EXUITests/EXUITests-Bridging-Header.h";
				SWIFT_VERSION = 5.0;
				TARGETED_DEVICE_FAMILY = "1,2";
				TEST_TARGET_NAME = EX;
			};
			name = Release;
		};
/* End XCBuildConfiguration section */

/* Begin XCConfigurationList section */
		F5C2A2A829E296DC008216FC /* Build configuration list for PBXProject "EX" */ = {
			isa = XCConfigurationList;
			buildConfigurations = (
				F5C2A2D529E296DC008216FC /* Debug */,
				F5C2A2D629E296DC008216FC /* Release */,
			);
			defaultConfigurationIsVisible = 0;
			defaultConfigurationName = Release;
		};
		F5C2A2D729E296DC008216FC /* Build configuration list for PBXNativeTarget "EX" */ = {
			isa = XCConfigurationList;
			buildConfigurations = (
				F5C2A2D829E296DC008216FC /* Debug */,
				F5C2A2D929E296DC008216FC /* Release */,
			);
			defaultConfigurationIsVisible = 0;
			defaultConfigurationName = Release;
		};
		F5C2A2DD29E296DC008216FC /* Build configuration list for PBXNativeTarget "EXUITests" */ = {
			isa = XCConfigurationList;
			buildConfigurations = (
				F5C2A2DE29E296DC008216FC /* Debug */,
				F5C2A2DF29E296DC008216FC /* Release */,
			);
			defaultConfigurationIsVisible = 0;
			defaultConfigurationName = Release;
		};
/* End XCConfigurationList section */
	};
	rootObject = F5C2A2A529E296DC008216FC /* Project object */;
}
