PODS:
  - CommonUI (0.0.1):
    - Orcam
  - Logger (0.0.1)
  - MacroCodableKit (0.0.1)
  - Orcam (0.0.1)
  - Services (0.0.1):
    - Logger
    - Orcam

DEPENDENCIES:
  - CommonUI (from `LocalPods/CommonUI`)
  - Logger (from `LocalPods/Logger`)
  - MacroCodableKit (from `.spm.pods/MacroCodableKit`)
  - Orcam (from `.spm.pods/Orcam`)
  - Services (from `LocalPods/Services`)

EXTERNAL SOURCES:
  CommonUI:
    :path: LocalPods/CommonUI
  Logger:
    :path: LocalPods/Logger
  MacroCodableKit:
    :path: !ruby/object:Pathname
    path: ".spm.pods/MacroCodableKit"
  Orcam:
    :path: !ruby/object:Pathname
    path: ".spm.pods/Orcam"
  Services:
    :path: LocalPods/Services

SPEC CHECKSUMS:
  CommonUI: 164686369017fdb5c07cfadb64929e30f135cfac
  Logger: b4261b29e1bd29c9101466e3627f2234260cc623
  MacroCodableKit: 29a3a48508c673918521ef5db6f1485db2ca75d0
  Orcam: 288b7e3fc07e33706ceab2f226e4177e99847143
  Services: 9cce3d61f527e5260e44e14153b3995fc4ae9b67

PODFILE CHECKSUM: 4fd942dc5b6d811ba6d57285f1c8bfe7080a45b5

COCOAPODS: 1.14.3
