// !$*UTF8*$!
{
	archiveVersion = 1;
	classes = {
	};
	objectVersion = 56;
	objects = {

/* Begin PBXBuildFile section */
		0C30286F2C95850A003D3FF2 /* EXTests.swift in Sources */ = {isa = PBXBuildFile; fileRef = 0C30286E2C95850A003D3FF2 /* EXTests.swift */; };
		2E9BC20B7D53E1940CD35D75 /* Pods_EXTests.framework in Frameworks */ = {isa = PBXBuildFile; fileRef = 6CABFFCC12381550F05CCD48 /* Pods_EXTests.framework */; };
		F597D28A2B412C9800E13B52 /* EXApp.swift in Sources */ = {isa = PBXBuildFile; fileRef = F597D2892B412C9800E13B52 /* EXApp.swift */; };
		F597D28C2B412C9800E13B52 /* ContentView.swift in Sources */ = {isa = PBXBuildFile; fileRef = F597D28B2B412C9800E13B52 /* ContentView.swift */; };
		F597D28E2B412C9900E13B52 /* Assets.xcassets in Resources */ = {isa = PBXBuildFile; fileRef = F597D28D2B412C9900E13B52 /* Assets.xcassets */; };
		F597D2912B412C9900E13B52 /* Preview Assets.xcassets in Resources */ = {isa = PBXBuildFile; fileRef = F597D2902B412C9900E13B52 /* Preview Assets.xcassets */; };
		FECC6A1F390504306C858891 /* Pods_EX.framework in Frameworks */ = {isa = PBXBuildFile; fileRef = 2CE947886A2D83A49B5551F7 /* Pods_EX.framework */; };
/* End PBXBuildFile section */

/* Begin PBXContainerItemProxy section */
		0C3028702C95850A003D3FF2 /* PBXContainerItemProxy */ = {
			isa = PBXContainerItemProxy;
			containerPortal = F597D27E2B412C9800E13B52 /* Project object */;
			proxyType = 1;
			remoteGlobalIDString = F597D2852B412C9800E13B52;
			remoteInfo = EX;
		};
/* End PBXContainerItemProxy section */

/* Begin PBXFileReference section */
		0C30286C2C95850A003D3FF2 /* EXTests.xctest */ = {isa = PBXFileReference; explicitFileType = wrapper.cfbundle; includeInIndex = 0; path = EXTests.xctest; sourceTree = BUILT_PRODUCTS_DIR; };
		0C30286E2C95850A003D3FF2 /* EXTests.swift */ = {isa = PBXFileReference; lastKnownFileType = sourcecode.swift; path = EXTests.swift; sourceTree = "<group>"; };
		1CB001A958E17A45A55B6F71 /* Pods-EX.debug.xcconfig */ = {isa = PBXFileReference; includeInIndex = 1; lastKnownFileType = text.xcconfig; name = "Pods-EX.debug.xcconfig"; path = "Target Support Files/Pods-EX/Pods-EX.debug.xcconfig"; sourceTree = "<group>"; };
		27EBF80970CF29E7CAA4B9A8 /* Pods-EXTests.debug.xcconfig */ = {isa = PBXFileReference; includeInIndex = 1; lastKnownFileType = text.xcconfig; name = "Pods-EXTests.debug.xcconfig"; path = "Target Support Files/Pods-EXTests/Pods-EXTests.debug.xcconfig"; sourceTree = "<group>"; };
		2CE947886A2D83A49B5551F7 /* Pods_EX.framework */ = {isa = PBXFileReference; explicitFileType = wrapper.framework; includeInIndex = 0; path = Pods_EX.framework; sourceTree = BUILT_PRODUCTS_DIR; };
		6CABFFCC12381550F05CCD48 /* Pods_EXTests.framework */ = {isa = PBXFileReference; explicitFileType = wrapper.framework; includeInIndex = 0; path = Pods_EXTests.framework; sourceTree = BUILT_PRODUCTS_DIR; };
		AB96BF4386C3D403EF68C5C4 /* Pods-EXTests.release.xcconfig */ = {isa = PBXFileReference; includeInIndex = 1; lastKnownFileType = text.xcconfig; name = "Pods-EXTests.release.xcconfig"; path = "Target Support Files/Pods-EXTests/Pods-EXTests.release.xcconfig"; sourceTree = "<group>"; };
		F597D2862B412C9800E13B52 /* EX.app */ = {isa = PBXFileReference; explicitFileType = wrapper.application; includeInIndex = 0; path = EX.app; sourceTree = BUILT_PRODUCTS_DIR; };
		F597D2892B412C9800E13B52 /* EXApp.swift */ = {isa = PBXFileReference; lastKnownFileType = sourcecode.swift; path = EXApp.swift; sourceTree = "<group>"; };
		F597D28B2B412C9800E13B52 /* ContentView.swift */ = {isa = PBXFileReference; lastKnownFileType = sourcecode.swift; path = ContentView.swift; sourceTree = "<group>"; };
		F597D28D2B412C9900E13B52 /* Assets.xcassets */ = {isa = PBXFileReference; lastKnownFileType = folder.assetcatalog; path = Assets.xcassets; sourceTree = "<group>"; };
		F597D2902B412C9900E13B52 /* Preview Assets.xcassets */ = {isa = PBXFileReference; lastKnownFileType = folder.assetcatalog; path = "Preview Assets.xcassets"; sourceTree = "<group>"; };
		FC4C060C5D3E8CFD4070C7C3 /* Pods-EX.release.xcconfig */ = {isa = PBXFileReference; includeInIndex = 1; lastKnownFileType = text.xcconfig; name = "Pods-EX.release.xcconfig"; path = "Target Support Files/Pods-EX/Pods-EX.release.xcconfig"; sourceTree = "<group>"; };
/* End PBXFileReference section */

/* Begin PBXFrameworksBuildPhase section */
		0C3028692C95850A003D3FF2 /* Frameworks */ = {
			isa = PBXFrameworksBuildPhase;
			buildActionMask = 2147483647;
			files = (
				2E9BC20B7D53E1940CD35D75 /* Pods_EXTests.framework in Frameworks */,
			);
			runOnlyForDeploymentPostprocessing = 0;
		};
		F597D2832B412C9800E13B52 /* Frameworks */ = {
			isa = PBXFrameworksBuildPhase;
			buildActionMask = 2147483647;
			files = (
				FECC6A1F390504306C858891 /* Pods_EX.framework in Frameworks */,
			);
			runOnlyForDeploymentPostprocessing = 0;
		};
/* End PBXFrameworksBuildPhase section */

/* Begin PBXGroup section */
		0C30286D2C95850A003D3FF2 /* EXTests */ = {
			isa = PBXGroup;
			children = (
				0C30286E2C95850A003D3FF2 /* EXTests.swift */,
			);
			path = EXTests;
			sourceTree = "<group>";
		};
		720384B7C87E14935EA65324 /* Frameworks */ = {
			isa = PBXGroup;
			children = (
				2CE947886A2D83A49B5551F7 /* Pods_EX.framework */,
				6CABFFCC12381550F05CCD48 /* Pods_EXTests.framework */,
			);
			name = Frameworks;
			sourceTree = "<group>";
		};
		9B3C69C532D1DFEBBF9616C2 /* Pods */ = {
			isa = PBXGroup;
			children = (
				1CB001A958E17A45A55B6F71 /* Pods-EX.debug.xcconfig */,
				FC4C060C5D3E8CFD4070C7C3 /* Pods-EX.release.xcconfig */,
				27EBF80970CF29E7CAA4B9A8 /* Pods-EXTests.debug.xcconfig */,
				AB96BF4386C3D403EF68C5C4 /* Pods-EXTests.release.xcconfig */,
			);
			path = Pods;
			sourceTree = "<group>";
		};
		F597D27D2B412C9800E13B52 = {
			isa = PBXGroup;
			children = (
				F597D2882B412C9800E13B52 /* EX */,
				0C30286D2C95850A003D3FF2 /* EXTests */,
				F597D2872B412C9800E13B52 /* Products */,
				9B3C69C532D1DFEBBF9616C2 /* Pods */,
				720384B7C87E14935EA65324 /* Frameworks */,
			);
			sourceTree = "<group>";
		};
		F597D2872B412C9800E13B52 /* Products */ = {
			isa = PBXGroup;
			children = (
				F597D2862B412C9800E13B52 /* EX.app */,
				0C30286C2C95850A003D3FF2 /* EXTests.xctest */,
			);
			name = Products;
			sourceTree = "<group>";
		};
		F597D2882B412C9800E13B52 /* EX */ = {
			isa = PBXGroup;
			children = (
				F597D2892B412C9800E13B52 /* EXApp.swift */,
				F597D28B2B412C9800E13B52 /* ContentView.swift */,
				F597D28D2B412C9900E13B52 /* Assets.xcassets */,
				F597D28F2B412C9900E13B52 /* Preview Content */,
			);
			path = EX;
			sourceTree = "<group>";
		};
		F597D28F2B412C9900E13B52 /* Preview Content */ = {
			isa = PBXGroup;
			children = (
				F597D2902B412C9900E13B52 /* Preview Assets.xcassets */,
			);
			path = "Preview Content";
			sourceTree = "<group>";
		};
/* End PBXGroup section */

/* Begin PBXNativeTarget section */
		0C30286B2C95850A003D3FF2 /* EXTests */ = {
			isa = PBXNativeTarget;
			buildConfigurationList = 0C3028742C95850A003D3FF2 /* Build configuration list for PBXNativeTarget "EXTests" */;
			buildPhases = (
				4FCCE45EB5D6EC0BAC5FC716 /* [CP] Check Pods Manifest.lock */,
				0C3028682C95850A003D3FF2 /* Sources */,
				0C3028692C95850A003D3FF2 /* Frameworks */,
				0C30286A2C95850A003D3FF2 /* Resources */,
			);
			buildRules = (
			);
			dependencies = (
				0C3028712C95850A003D3FF2 /* PBXTargetDependency */,
			);
			name = EXTests;
			productName = EXTests;
			productReference = 0C30286C2C95850A003D3FF2 /* EXTests.xctest */;
			productType = "com.apple.product-type.bundle.unit-test";
		};
		F597D2852B412C9800E13B52 /* EX */ = {
			isa = PBXNativeTarget;
			buildConfigurationList = F597D2942B412C9900E13B52 /* Build configuration list for PBXNativeTarget "EX" */;
			buildPhases = (
				786238133354D4E3FFB2398C /* [CP] Check Pods Manifest.lock */,
				F597D2822B412C9800E13B52 /* Sources */,
				F597D2832B412C9800E13B52 /* Frameworks */,
				F597D2842B412C9800E13B52 /* Resources */,
			);
			buildRules = (
			);
			dependencies = (
			);
			name = EX;
			productName = EX;
			productReference = F597D2862B412C9800E13B52 /* EX.app */;
			productType = "com.apple.product-type.application";
		};
/* End PBXNativeTarget section */

/* Begin PBXProject section */
		F597D27E2B412C9800E13B52 /* Project object */ = {
			isa = PBXProject;
			attributes = {
				BuildIndependentTargetsInParallel = 1;
				LastSwiftUpdateCheck = 1520;
				LastUpgradeCheck = 1500;
				TargetAttributes = {
					0C30286B2C95850A003D3FF2 = {
						CreatedOnToolsVersion = 15.2;
						TestTargetID = F597D2852B412C9800E13B52;
					};
					F597D2852B412C9800E13B52 = {
						CreatedOnToolsVersion = 15.0;
					};
				};
			};
			buildConfigurationList = F597D2812B412C9800E13B52 /* Build configuration list for PBXProject "EX" */;
			compatibilityVersion = "Xcode 14.0";
			developmentRegion = en;
			hasScannedForEncodings = 0;
			knownRegions = (
				en,
				Base,
			);
			mainGroup = F597D27D2B412C9800E13B52;
			productRefGroup = F597D2872B412C9800E13B52 /* Products */;
			projectDirPath = "";
			projectRoot = "";
			targets = (
				F597D2852B412C9800E13B52 /* EX */,
				0C30286B2C95850A003D3FF2 /* EXTests */,
			);
		};
/* End PBXProject section */

/* Begin PBXResourcesBuildPhase section */
		0C30286A2C95850A003D3FF2 /* Resources */ = {
			isa = PBXResourcesBuildPhase;
			buildActionMask = 2147483647;
			files = (
			);
			runOnlyForDeploymentPostprocessing = 0;
		};
		F597D2842B412C9800E13B52 /* Resources */ = {
			isa = PBXResourcesBuildPhase;
			buildActionMask = 2147483647;
			files = (
				F597D2912B412C9900E13B52 /* Preview Assets.xcassets in Resources */,
				F597D28E2B412C9900E13B52 /* Assets.xcassets in Resources */,
			);
			runOnlyForDeploymentPostprocessing = 0;
		};
/* End PBXResourcesBuildPhase section */

/* Begin PBXShellScriptBuildPhase section */
		4FCCE45EB5D6EC0BAC5FC716 /* [CP] Check Pods Manifest.lock */ = {
			isa = PBXShellScriptBuildPhase;
			buildActionMask = 2147483647;
			files = (
			);
			inputFileListPaths = (
			);
			inputPaths = (
				"${PODS_PODFILE_DIR_PATH}/Podfile.lock",
				"${PODS_ROOT}/Manifest.lock",
			);
			name = "[CP] Check Pods Manifest.lock";
			outputFileListPaths = (
			);
			outputPaths = (
				"$(DERIVED_FILE_DIR)/Pods-EXTests-checkManifestLockResult.txt",
			);
			runOnlyForDeploymentPostprocessing = 0;
			shellPath = /bin/sh;
			shellScript = "diff \"${PODS_PODFILE_DIR_PATH}/Podfile.lock\" \"${PODS_ROOT}/Manifest.lock\" > /dev/null\nif [ $? != 0 ] ; then\n    # print error to STDERR\n    echo \"error: The sandbox is not in sync with the Podfile.lock. Run 'pod install' or update your CocoaPods installation.\" >&2\n    exit 1\nfi\n# This output is used by Xcode 'outputs' to avoid re-running this script phase.\necho \"SUCCESS\" > \"${SCRIPT_OUTPUT_FILE_0}\"\n";
			showEnvVarsInLog = 0;
		};
		786238133354D4E3FFB2398C /* [CP] Check Pods Manifest.lock */ = {
			isa = PBXShellScriptBuildPhase;
			buildActionMask = 2147483647;
			files = (
			);
			inputFileListPaths = (
			);
			inputPaths = (
				"${PODS_PODFILE_DIR_PATH}/Podfile.lock",
				"${PODS_ROOT}/Manifest.lock",
			);
			name = "[CP] Check Pods Manifest.lock";
			outputFileListPaths = (
			);
			outputPaths = (
				"$(DERIVED_FILE_DIR)/Pods-EX-checkManifestLockResult.txt",
			);
			runOnlyForDeploymentPostprocessing = 0;
			shellPath = /bin/sh;
			shellScript = "diff \"${PODS_PODFILE_DIR_PATH}/Podfile.lock\" \"${PODS_ROOT}/Manifest.lock\" > /dev/null\nif [ $? != 0 ] ; then\n    # print error to STDERR\n    echo \"error: The sandbox is not in sync with the Podfile.lock. Run 'pod install' or update your CocoaPods installation.\" >&2\n    exit 1\nfi\n# This output is used by Xcode 'outputs' to avoid re-running this script phase.\necho \"SUCCESS\" > \"${SCRIPT_OUTPUT_FILE_0}\"\n";
			showEnvVarsInLog = 0;
		};
/* End PBXShellScriptBuildPhase section */

/* Begin PBXSourcesBuildPhase section */
		0C3028682C95850A003D3FF2 /* Sources */ = {
			isa = PBXSourcesBuildPhase;
			buildActionMask = 2147483647;
			files = (
				0C30286F2C95850A003D3FF2 /* EXTests.swift in Sources */,
			);
			runOnlyForDeploymentPostprocessing = 0;
		};
		F597D2822B412C9800E13B52 /* Sources */ = {
			isa = PBXSourcesBuildPhase;
			buildActionMask = 2147483647;
			files = (
				F597D28C2B412C9800E13B52 /* ContentView.swift in Sources */,
				F597D28A2B412C9800E13B52 /* EXApp.swift in Sources */,
			);
			runOnlyForDeploymentPostprocessing = 0;
		};
/* End PBXSourcesBuildPhase section */

/* Begin PBXTargetDependency section */
		0C3028712C95850A003D3FF2 /* PBXTargetDependency */ = {
			isa = PBXTargetDependency;
			target = F597D2852B412C9800E13B52 /* EX */;
			targetProxy = 0C3028702C95850A003D3FF2 /* PBXContainerItemProxy */;
		};
/* End PBXTargetDependency section */

/* Begin XCBuildConfiguration section */
		0C3028722C95850A003D3FF2 /* Debug */ = {
			isa = XCBuildConfiguration;
			baseConfigurationReference = 27EBF80970CF29E7CAA4B9A8 /* Pods-EXTests.debug.xcconfig */;
			buildSettings = {
				BUNDLE_LOADER = "$(TEST_HOST)";
				CODE_SIGN_STYLE = Automatic;
				CURRENT_PROJECT_VERSION = 1;
				GENERATE_INFOPLIST_FILE = YES;
				IPHONEOS_DEPLOYMENT_TARGET = 17.2;
				MARKETING_VERSION = 1.0;
				PRODUCT_BUNDLE_IDENTIFIER = com.thuyen.EXTests;
				PRODUCT_NAME = "$(TARGET_NAME)";
				SWIFT_EMIT_LOC_STRINGS = NO;
				SWIFT_VERSION = 5.0;
				TARGETED_DEVICE_FAMILY = "1,2";
				TEST_HOST = "$(BUILT_PRODUCTS_DIR)/EX.app/$(BUNDLE_EXECUTABLE_FOLDER_PATH)/EX";
			};
			name = Debug;
		};
		0C3028732C95850A003D3FF2 /* Release */ = {
			isa = XCBuildConfiguration;
			baseConfigurationReference = AB96BF4386C3D403EF68C5C4 /* Pods-EXTests.release.xcconfig */;
			buildSettings = {
				BUNDLE_LOADER = "$(TEST_HOST)";
				CODE_SIGN_STYLE = Automatic;
				CURRENT_PROJECT_VERSION = 1;
				GENERATE_INFOPLIST_FILE = YES;
				IPHONEOS_DEPLOYMENT_TARGET = 17.2;
				MARKETING_VERSION = 1.0;
				PRODUCT_BUNDLE_IDENTIFIER = com.thuyen.EXTests;
				PRODUCT_NAME = "$(TARGET_NAME)";
				SWIFT_EMIT_LOC_STRINGS = NO;
				SWIFT_VERSION = 5.0;
				TARGETED_DEVICE_FAMILY = "1,2";
				TEST_HOST = "$(BUILT_PRODUCTS_DIR)/EX.app/$(BUNDLE_EXECUTABLE_FOLDER_PATH)/EX";
			};
			name = Release;
		};
		F597D2922B412C9900E13B52 /* Debug */ = {
			isa = XCBuildConfiguration;
			buildSettings = {
				ALWAYS_SEARCH_USER_PATHS = NO;
				ASSETCATALOG_COMPILER_GENERATE_SWIFT_ASSET_SYMBOL_EXTENSIONS = YES;
				CLANG_ANALYZER_NONNULL = YES;
				CLANG_ANALYZER_NUMBER_OBJECT_CONVERSION = YES_AGGRESSIVE;
				CLANG_CXX_LANGUAGE_STANDARD = "gnu++20";
				CLANG_ENABLE_MODULES = YES;
				CLANG_ENABLE_OBJC_ARC = YES;
				CLANG_ENABLE_OBJC_WEAK = YES;
				CLANG_WARN_BLOCK_CAPTURE_AUTORELEASING = YES;
				CLANG_WARN_BOOL_CONVERSION = YES;
				CLANG_WARN_COMMA = YES;
				CLANG_WARN_CONSTANT_CONVERSION = YES;
				CLANG_WARN_DEPRECATED_OBJC_IMPLEMENTATIONS = YES;
				CLANG_WARN_DIRECT_OBJC_ISA_USAGE = YES_ERROR;
				CLANG_WARN_DOCUMENTATION_COMMENTS = YES;
				CLANG_WARN_EMPTY_BODY = YES;
				CLANG_WARN_ENUM_CONVERSION = YES;
				CLANG_WARN_INFINITE_RECURSION = YES;
				CLANG_WARN_INT_CONVERSION = YES;
				CLANG_WARN_NON_LITERAL_NULL_CONVERSION = YES;
				CLANG_WARN_OBJC_IMPLICIT_RETAIN_SELF = YES;
				CLANG_WARN_OBJC_LITERAL_CONVERSION = YES;
				CLANG_WARN_OBJC_ROOT_CLASS = YES_ERROR;
				CLANG_WARN_QUOTED_INCLUDE_IN_FRAMEWORK_HEADER = YES;
				CLANG_WARN_RANGE_LOOP_ANALYSIS = YES;
				CLANG_WARN_STRICT_PROTOTYPES = YES;
				CLANG_WARN_SUSPICIOUS_MOVE = YES;
				CLANG_WARN_UNGUARDED_AVAILABILITY = YES_AGGRESSIVE;
				CLANG_WARN_UNREACHABLE_CODE = YES;
				CLANG_WARN__DUPLICATE_METHOD_MATCH = YES;
				COPY_PHASE_STRIP = NO;
				DEBUG_INFORMATION_FORMAT = dwarf;
				ENABLE_STRICT_OBJC_MSGSEND = YES;
				ENABLE_TESTABILITY = YES;
				ENABLE_USER_SCRIPT_SANDBOXING = NO;
				GCC_C_LANGUAGE_STANDARD = gnu17;
				GCC_DYNAMIC_NO_PIC = NO;
				GCC_NO_COMMON_BLOCKS = YES;
				GCC_OPTIMIZATION_LEVEL = 0;
				GCC_PREPROCESSOR_DEFINITIONS = (
					"DEBUG=1",
					"$(inherited)",
				);
				GCC_WARN_64_TO_32_BIT_CONVERSION = YES;
				GCC_WARN_ABOUT_RETURN_TYPE = YES_ERROR;
				GCC_WARN_UNDECLARED_SELECTOR = YES;
				GCC_WARN_UNINITIALIZED_AUTOS = YES_AGGRESSIVE;
				GCC_WARN_UNUSED_FUNCTION = YES;
				GCC_WARN_UNUSED_VARIABLE = YES;
				IPHONEOS_DEPLOYMENT_TARGET = 17.0;
				LOCALIZATION_PREFERS_STRING_CATALOGS = YES;
				MTL_ENABLE_DEBUG_INFO = INCLUDE_SOURCE;
				MTL_FAST_MATH = YES;
				ONLY_ACTIVE_ARCH = YES;
				SDKROOT = iphoneos;
				SWIFT_ACTIVE_COMPILATION_CONDITIONS = "DEBUG $(inherited)";
				SWIFT_OPTIMIZATION_LEVEL = "-Onone";
			};
			name = Debug;
		};
		F597D2932B412C9900E13B52 /* Release */ = {
			isa = XCBuildConfiguration;
			buildSettings = {
				ALWAYS_SEARCH_USER_PATHS = NO;
				ASSETCATALOG_COMPILER_GENERATE_SWIFT_ASSET_SYMBOL_EXTENSIONS = YES;
				CLANG_ANALYZER_NONNULL = YES;
				CLANG_ANALYZER_NUMBER_OBJECT_CONVERSION = YES_AGGRESSIVE;
				CLANG_CXX_LANGUAGE_STANDARD = "gnu++20";
				CLANG_ENABLE_MODULES = YES;
				CLANG_ENABLE_OBJC_ARC = YES;
				CLANG_ENABLE_OBJC_WEAK = YES;
				CLANG_WARN_BLOCK_CAPTURE_AUTORELEASING = YES;
				CLANG_WARN_BOOL_CONVERSION = YES;
				CLANG_WARN_COMMA = YES;
				CLANG_WARN_CONSTANT_CONVERSION = YES;
				CLANG_WARN_DEPRECATED_OBJC_IMPLEMENTATIONS = YES;
				CLANG_WARN_DIRECT_OBJC_ISA_USAGE = YES_ERROR;
				CLANG_WARN_DOCUMENTATION_COMMENTS = YES;
				CLANG_WARN_EMPTY_BODY = YES;
				CLANG_WARN_ENUM_CONVERSION = YES;
				CLANG_WARN_INFINITE_RECURSION = YES;
				CLANG_WARN_INT_CONVERSION = YES;
				CLANG_WARN_NON_LITERAL_NULL_CONVERSION = YES;
				CLANG_WARN_OBJC_IMPLICIT_RETAIN_SELF = YES;
				CLANG_WARN_OBJC_LITERAL_CONVERSION = YES;
				CLANG_WARN_OBJC_ROOT_CLASS = YES_ERROR;
				CLANG_WARN_QUOTED_INCLUDE_IN_FRAMEWORK_HEADER = YES;
				CLANG_WARN_RANGE_LOOP_ANALYSIS = YES;
				CLANG_WARN_STRICT_PROTOTYPES = YES;
				CLANG_WARN_SUSPICIOUS_MOVE = YES;
				CLANG_WARN_UNGUARDED_AVAILABILITY = YES_AGGRESSIVE;
				CLANG_WARN_UNREACHABLE_CODE = YES;
				CLANG_WARN__DUPLICATE_METHOD_MATCH = YES;
				COPY_PHASE_STRIP = NO;
				DEBUG_INFORMATION_FORMAT = "dwarf-with-dsym";
				ENABLE_NS_ASSERTIONS = NO;
				ENABLE_STRICT_OBJC_MSGSEND = YES;
				ENABLE_USER_SCRIPT_SANDBOXING = NO;
				GCC_C_LANGUAGE_STANDARD = gnu17;
				GCC_NO_COMMON_BLOCKS = YES;
				GCC_WARN_64_TO_32_BIT_CONVERSION = YES;
				GCC_WARN_ABOUT_RETURN_TYPE = YES_ERROR;
				GCC_WARN_UNDECLARED_SELECTOR = YES;
				GCC_WARN_UNINITIALIZED_AUTOS = YES_AGGRESSIVE;
				GCC_WARN_UNUSED_FUNCTION = YES;
				GCC_WARN_UNUSED_VARIABLE = YES;
				IPHONEOS_DEPLOYMENT_TARGET = 17.0;
				LOCALIZATION_PREFERS_STRING_CATALOGS = YES;
				MTL_ENABLE_DEBUG_INFO = NO;
				MTL_FAST_MATH = YES;
				SDKROOT = iphoneos;
				SWIFT_COMPILATION_MODE = wholemodule;
				VALIDATE_PRODUCT = YES;
			};
			name = Release;
		};
		F597D2952B412C9900E13B52 /* Debug */ = {
			isa = XCBuildConfiguration;
			baseConfigurationReference = 1CB001A958E17A45A55B6F71 /* Pods-EX.debug.xcconfig */;
			buildSettings = {
				ASSETCATALOG_COMPILER_APPICON_NAME = AppIcon;
				ASSETCATALOG_COMPILER_GLOBAL_ACCENT_COLOR_NAME = AccentColor;
				CODE_SIGN_STYLE = Manual;
				CURRENT_PROJECT_VERSION = 1;
				DEVELOPMENT_ASSET_PATHS = "\"EX/Preview Content\"";
				ENABLE_PREVIEWS = YES;
				GENERATE_INFOPLIST_FILE = YES;
				INFOPLIST_KEY_UIApplicationSceneManifest_Generation = YES;
				INFOPLIST_KEY_UIApplicationSupportsIndirectInputEvents = YES;
				INFOPLIST_KEY_UILaunchScreen_Generation = YES;
				INFOPLIST_KEY_UISupportedInterfaceOrientations_iPad = "UIInterfaceOrientationPortrait UIInterfaceOrientationPortraitUpsideDown UIInterfaceOrientationLandscapeLeft UIInterfaceOrientationLandscapeRight";
				INFOPLIST_KEY_UISupportedInterfaceOrientations_iPhone = "UIInterfaceOrientationPortrait UIInterfaceOrientationLandscapeLeft UIInterfaceOrientationLandscapeRight";
				IPHONEOS_DEPLOYMENT_TARGET = 16.0;
				LD_RUNPATH_SEARCH_PATHS = (
					"$(inherited)",
					"@executable_path/Frameworks",
				);
				MARKETING_VERSION = 1.0;
				PRODUCT_BUNDLE_IDENTIFIER = com.thuyen.EX;
				PRODUCT_NAME = "$(TARGET_NAME)";
				SWIFT_EMIT_LOC_STRINGS = YES;
				SWIFT_VERSION = 5.0;
				TARGETED_DEVICE_FAMILY = "1,2";
			};
			name = Debug;
		};
		F597D2962B412C9900E13B52 /* Release */ = {
			isa = XCBuildConfiguration;
			baseConfigurationReference = FC4C060C5D3E8CFD4070C7C3 /* Pods-EX.release.xcconfig */;
			buildSettings = {
				ASSETCATALOG_COMPILER_APPICON_NAME = AppIcon;
				ASSETCATALOG_COMPILER_GLOBAL_ACCENT_COLOR_NAME = AccentColor;
				CODE_SIGN_STYLE = Manual;
				CURRENT_PROJECT_VERSION = 1;
				DEVELOPMENT_ASSET_PATHS = "\"EX/Preview Content\"";
				ENABLE_PREVIEWS = YES;
				GENERATE_INFOPLIST_FILE = YES;
				INFOPLIST_KEY_UIApplicationSceneManifest_Generation = YES;
				INFOPLIST_KEY_UIApplicationSupportsIndirectInputEvents = YES;
				INFOPLIST_KEY_UILaunchScreen_Generation = YES;
				INFOPLIST_KEY_UISupportedInterfaceOrientations_iPad = "UIInterfaceOrientationPortrait UIInterfaceOrientationPortraitUpsideDown UIInterfaceOrientationLandscapeLeft UIInterfaceOrientationLandscapeRight";
				INFOPLIST_KEY_UISupportedInterfaceOrientations_iPhone = "UIInterfaceOrientationPortrait UIInterfaceOrientationLandscapeLeft UIInterfaceOrientationLandscapeRight";
				IPHONEOS_DEPLOYMENT_TARGET = 16.0;
				LD_RUNPATH_SEARCH_PATHS = (
					"$(inherited)",
					"@executable_path/Frameworks",
				);
				MARKETING_VERSION = 1.0;
				PRODUCT_BUNDLE_IDENTIFIER = com.thuyen.EX;
				PRODUCT_NAME = "$(TARGET_NAME)";
				SWIFT_EMIT_LOC_STRINGS = YES;
				SWIFT_VERSION = 5.0;
				TARGETED_DEVICE_FAMILY = "1,2";
			};
			name = Release;
		};
/* End XCBuildConfiguration section */

/* Begin XCConfigurationList section */
		0C3028742C95850A003D3FF2 /* Build configuration list for PBXNativeTarget "EXTests" */ = {
			isa = XCConfigurationList;
			buildConfigurations = (
				0C3028722C95850A003D3FF2 /* Debug */,
				0C3028732C95850A003D3FF2 /* Release */,
			);
			defaultConfigurationIsVisible = 0;
			defaultConfigurationName = Release;
		};
		F597D2812B412C9800E13B52 /* Build configuration list for PBXProject "EX" */ = {
			isa = XCConfigurationList;
			buildConfigurations = (
				F597D2922B412C9900E13B52 /* Debug */,
				F597D2932B412C9900E13B52 /* Release */,
			);
			defaultConfigurationIsVisible = 0;
			defaultConfigurationName = Release;
		};
		F597D2942B412C9900E13B52 /* Build configuration list for PBXNativeTarget "EX" */ = {
			isa = XCConfigurationList;
			buildConfigurations = (
				F597D2952B412C9900E13B52 /* Debug */,
				F597D2962B412C9900E13B52 /* Release */,
			);
			defaultConfigurationIsVisible = 0;
			defaultConfigurationName = Release;
		};
/* End XCConfigurationList section */
	};
	rootObject = F597D27E2B412C9800E13B52 /* Project object */;
}
