// !$*UTF8*$!
{
	archiveVersion = 1;
	classes = {
	};
	objectVersion = 77;
	objects = {

/* Begin PBXBuildFile section */
		3C715D979D81150F3081A90F /* Pods_EX.framework in Frameworks */ = {isa = PBXBuildFile; fileRef = 94471466C4081BB980B72854 /* Pods_EX.framework */; };
		5278045FF738B0156BED6DF7 /* Pods_EXTests.framework in Frameworks */ = {isa = PBXBuildFile; fileRef = 1172C1B2F41CBF9CB8AFC3C9 /* Pods_EXTests.framework */; };
/* End PBXBuildFile section */

/* Begin PBXContainerItemProxy section */
		F5C7FED02D6AE8FB00E23BA8 /* PBXContainerItemProxy */ = {
			isa = PBXContainerItemProxy;
			containerPortal = F5C7FEA62D6AE79300E23BA8 /* Project object */;
			proxyType = 1;
			remoteGlobalIDString = F5C7FEAD2D6AE79300E23BA8;
			remoteInfo = EX;
		};
/* End PBXContainerItemProxy section */

/* Begin PBXFileReference section */
		1172C1B2F41CBF9CB8AFC3C9 /* Pods_EXTests.framework */ = {isa = PBXFileReference; explicitFileType = wrapper.framework; includeInIndex = 0; path = Pods_EXTests.framework; sourceTree = BUILT_PRODUCTS_DIR; };
		67383E2C69324642D2452F66 /* Pods-EXTests.release.xcconfig */ = {isa = PBXFileReference; includeInIndex = 1; lastKnownFileType = text.xcconfig; name = "Pods-EXTests.release.xcconfig"; path = "Target Support Files/Pods-EXTests/Pods-EXTests.release.xcconfig"; sourceTree = "<group>"; };
		687CA55E612F84207FCCC87B /* Pods-EXTests.debug.xcconfig */ = {isa = PBXFileReference; includeInIndex = 1; lastKnownFileType = text.xcconfig; name = "Pods-EXTests.debug.xcconfig"; path = "Target Support Files/Pods-EXTests/Pods-EXTests.debug.xcconfig"; sourceTree = "<group>"; };
		695330E3A4FBF1013721D06C /* Pods-EX.debug.xcconfig */ = {isa = PBXFileReference; includeInIndex = 1; lastKnownFileType = text.xcconfig; name = "Pods-EX.debug.xcconfig"; path = "Target Support Files/Pods-EX/Pods-EX.debug.xcconfig"; sourceTree = "<group>"; };
		94471466C4081BB980B72854 /* Pods_EX.framework */ = {isa = PBXFileReference; explicitFileType = wrapper.framework; includeInIndex = 0; path = Pods_EX.framework; sourceTree = BUILT_PRODUCTS_DIR; };
		BB8D1EBBE403B17B8070C115 /* Pods-EX.release.xcconfig */ = {isa = PBXFileReference; includeInIndex = 1; lastKnownFileType = text.xcconfig; name = "Pods-EX.release.xcconfig"; path = "Target Support Files/Pods-EX/Pods-EX.release.xcconfig"; sourceTree = "<group>"; };
		F5C7FEAE2D6AE79300E23BA8 /* EX.app */ = {isa = PBXFileReference; explicitFileType = wrapper.application; includeInIndex = 0; path = EX.app; sourceTree = BUILT_PRODUCTS_DIR; };
		F5C7FECC2D6AE8FB00E23BA8 /* EXTests.xctest */ = {isa = PBXFileReference; explicitFileType = wrapper.cfbundle; includeInIndex = 0; path = EXTests.xctest; sourceTree = BUILT_PRODUCTS_DIR; };
/* End PBXFileReference section */

/* Begin PBXFileSystemSynchronizedRootGroup section */
		F5C7FEB02D6AE79300E23BA8 /* EX */ = {
			isa = PBXFileSystemSynchronizedRootGroup;
			path = EX;
			sourceTree = "<group>";
		};
		F5C7FECD2D6AE8FB00E23BA8 /* EXTests */ = {
			isa = PBXFileSystemSynchronizedRootGroup;
			path = EXTests;
			sourceTree = "<group>";
		};
/* End PBXFileSystemSynchronizedRootGroup section */

/* Begin PBXFrameworksBuildPhase section */
		F5C7FEAB2D6AE79300E23BA8 /* Frameworks */ = {
			isa = PBXFrameworksBuildPhase;
			buildActionMask = 2147483647;
			files = (
				3C715D979D81150F3081A90F /* Pods_EX.framework in Frameworks */,
			);
			runOnlyForDeploymentPostprocessing = 0;
		};
		F5C7FEC92D6AE8FB00E23BA8 /* Frameworks */ = {
			isa = PBXFrameworksBuildPhase;
			buildActionMask = 2147483647;
			files = (
				5278045FF738B0156BED6DF7 /* Pods_EXTests.framework in Frameworks */,
			);
			runOnlyForDeploymentPostprocessing = 0;
		};
/* End PBXFrameworksBuildPhase section */

/* Begin PBXGroup section */
		55B66794F38DBCA9F9AD2861 /* Frameworks */ = {
			isa = PBXGroup;
			children = (
				94471466C4081BB980B72854 /* Pods_EX.framework */,
				1172C1B2F41CBF9CB8AFC3C9 /* Pods_EXTests.framework */,
			);
			name = Frameworks;
			sourceTree = "<group>";
		};
		78C9CA6B71BD5839F387B2C7 /* Pods */ = {
			isa = PBXGroup;
			children = (
				695330E3A4FBF1013721D06C /* Pods-EX.debug.xcconfig */,
				BB8D1EBBE403B17B8070C115 /* Pods-EX.release.xcconfig */,
				687CA55E612F84207FCCC87B /* Pods-EXTests.debug.xcconfig */,
				67383E2C69324642D2452F66 /* Pods-EXTests.release.xcconfig */,
			);
			path = Pods;
			sourceTree = "<group>";
		};
		F5C7FEA52D6AE79300E23BA8 = {
			isa = PBXGroup;
			children = (
				F5C7FEB02D6AE79300E23BA8 /* EX */,
				F5C7FECD2D6AE8FB00E23BA8 /* EXTests */,
				F5C7FEAF2D6AE79300E23BA8 /* Products */,
				78C9CA6B71BD5839F387B2C7 /* Pods */,
				55B66794F38DBCA9F9AD2861 /* Frameworks */,
			);
			sourceTree = "<group>";
		};
		F5C7FEAF2D6AE79300E23BA8 /* Products */ = {
			isa = PBXGroup;
			children = (
				F5C7FEAE2D6AE79300E23BA8 /* EX.app */,
				F5C7FECC2D6AE8FB00E23BA8 /* EXTests.xctest */,
			);
			name = Products;
			sourceTree = "<group>";
		};
/* End PBXGroup section */

/* Begin PBXNativeTarget section */
		F5C7FEAD2D6AE79300E23BA8 /* EX */ = {
			isa = PBXNativeTarget;
			buildConfigurationList = F5C7FEBC2D6AE79400E23BA8 /* Build configuration list for PBXNativeTarget "EX" */;
			buildPhases = (
				A9A03A978415756A09203020 /* [CP] Check Pods Manifest.lock */,
				F5C7FEAA2D6AE79300E23BA8 /* Sources */,
				F5C7FEAB2D6AE79300E23BA8 /* Frameworks */,
				F5C7FEAC2D6AE79300E23BA8 /* Resources */,
			);
			buildRules = (
			);
			dependencies = (
			);
			fileSystemSynchronizedGroups = (
				F5C7FEB02D6AE79300E23BA8 /* EX */,
			);
			name = EX;
			productName = EX;
			productReference = F5C7FEAE2D6AE79300E23BA8 /* EX.app */;
			productType = "com.apple.product-type.application";
		};
		F5C7FECB2D6AE8FB00E23BA8 /* EXTests */ = {
			isa = PBXNativeTarget;
			buildConfigurationList = F5C7FED42D6AE8FB00E23BA8 /* Build configuration list for PBXNativeTarget "EXTests" */;
			buildPhases = (
				430F24554F70D099BF6BB565 /* [CP] Check Pods Manifest.lock */,
				F5C7FEC82D6AE8FB00E23BA8 /* Sources */,
				F5C7FEC92D6AE8FB00E23BA8 /* Frameworks */,
				F5C7FECA2D6AE8FB00E23BA8 /* Resources */,
				19BA8DACA986D44DF255FCFA /* [CP] Embed Pods Frameworks */,
			);
			buildRules = (
			);
			dependencies = (
				F5C7FED12D6AE8FB00E23BA8 /* PBXTargetDependency */,
			);
			fileSystemSynchronizedGroups = (
				F5C7FECD2D6AE8FB00E23BA8 /* EXTests */,
			);
			name = EXTests;
			productName = EXTests;
			productReference = F5C7FECC2D6AE8FB00E23BA8 /* EXTests.xctest */;
			productType = "com.apple.product-type.bundle.unit-test";
		};
/* End PBXNativeTarget section */

/* Begin PBXProject section */
		F5C7FEA62D6AE79300E23BA8 /* Project object */ = {
			isa = PBXProject;
			attributes = {
				BuildIndependentTargetsInParallel = 1;
				LastSwiftUpdateCheck = 1610;
				LastUpgradeCheck = 1610;
				TargetAttributes = {
					F5C7FEAD2D6AE79300E23BA8 = {
						CreatedOnToolsVersion = 16.1;
					};
					F5C7FECB2D6AE8FB00E23BA8 = {
						CreatedOnToolsVersion = 16.1;
						TestTargetID = F5C7FEAD2D6AE79300E23BA8;
					};
				};
			};
			buildConfigurationList = F5C7FEA92D6AE79300E23BA8 /* Build configuration list for PBXProject "EX" */;
			developmentRegion = en;
			hasScannedForEncodings = 0;
			knownRegions = (
				en,
				Base,
			);
			mainGroup = F5C7FEA52D6AE79300E23BA8;
			minimizedProjectReferenceProxies = 1;
			preferredProjectObjectVersion = 77;
			productRefGroup = F5C7FEAF2D6AE79300E23BA8 /* Products */;
			projectDirPath = "";
			projectRoot = "";
			targets = (
				F5C7FEAD2D6AE79300E23BA8 /* EX */,
				F5C7FECB2D6AE8FB00E23BA8 /* EXTests */,
			);
		};
/* End PBXProject section */

/* Begin PBXResourcesBuildPhase section */
		F5C7FEAC2D6AE79300E23BA8 /* Resources */ = {
			isa = PBXResourcesBuildPhase;
			buildActionMask = 2147483647;
			files = (
			);
			runOnlyForDeploymentPostprocessing = 0;
		};
		F5C7FECA2D6AE8FB00E23BA8 /* Resources */ = {
			isa = PBXResourcesBuildPhase;
			buildActionMask = 2147483647;
			files = (
			);
			runOnlyForDeploymentPostprocessing = 0;
		};
/* End PBXResourcesBuildPhase section */

/* Begin PBXShellScriptBuildPhase section */
		19BA8DACA986D44DF255FCFA /* [CP] Embed Pods Frameworks */ = {
			isa = PBXShellScriptBuildPhase;
			buildActionMask = 2147483647;
			files = (
			);
			inputFileListPaths = (
				"${PODS_ROOT}/Target Support Files/Pods-EXTests/Pods-EXTests-frameworks-${CONFIGURATION}-input-files.xcfilelist",
			);
			name = "[CP] Embed Pods Frameworks";
			outputFileListPaths = (
				"${PODS_ROOT}/Target Support Files/Pods-EXTests/Pods-EXTests-frameworks-${CONFIGURATION}-output-files.xcfilelist",
			);
			runOnlyForDeploymentPostprocessing = 0;
			shellPath = /bin/sh;
			shellScript = "\"${PODS_ROOT}/Target Support Files/Pods-EXTests/Pods-EXTests-frameworks.sh\"\n";
			showEnvVarsInLog = 0;
		};
		430F24554F70D099BF6BB565 /* [CP] Check Pods Manifest.lock */ = {
			isa = PBXShellScriptBuildPhase;
			buildActionMask = 2147483647;
			files = (
			);
			inputFileListPaths = (
			);
			inputPaths = (
				"${PODS_PODFILE_DIR_PATH}/Podfile.lock",
				"${PODS_ROOT}/Manifest.lock",
			);
			name = "[CP] Check Pods Manifest.lock";
			outputFileListPaths = (
			);
			outputPaths = (
				"$(DERIVED_FILE_DIR)/Pods-EXTests-checkManifestLockResult.txt",
			);
			runOnlyForDeploymentPostprocessing = 0;
			shellPath = /bin/sh;
			shellScript = "diff \"${PODS_PODFILE_DIR_PATH}/Podfile.lock\" \"${PODS_ROOT}/Manifest.lock\" > /dev/null\nif [ $? != 0 ] ; then\n    # print error to STDERR\n    echo \"error: The sandbox is not in sync with the Podfile.lock. Run 'pod install' or update your CocoaPods installation.\" >&2\n    exit 1\nfi\n# This output is used by Xcode 'outputs' to avoid re-running this script phase.\necho \"SUCCESS\" > \"${SCRIPT_OUTPUT_FILE_0}\"\n";
			showEnvVarsInLog = 0;
		};
		A9A03A978415756A09203020 /* [CP] Check Pods Manifest.lock */ = {
			isa = PBXShellScriptBuildPhase;
			buildActionMask = 2147483647;
			files = (
			);
			inputFileListPaths = (
			);
			inputPaths = (
				"${PODS_PODFILE_DIR_PATH}/Podfile.lock",
				"${PODS_ROOT}/Manifest.lock",
			);
			name = "[CP] Check Pods Manifest.lock";
			outputFileListPaths = (
			);
			outputPaths = (
				"$(DERIVED_FILE_DIR)/Pods-EX-checkManifestLockResult.txt",
			);
			runOnlyForDeploymentPostprocessing = 0;
			shellPath = /bin/sh;
			shellScript = "diff \"${PODS_PODFILE_DIR_PATH}/Podfile.lock\" \"${PODS_ROOT}/Manifest.lock\" > /dev/null\nif [ $? != 0 ] ; then\n    # print error to STDERR\n    echo \"error: The sandbox is not in sync with the Podfile.lock. Run 'pod install' or update your CocoaPods installation.\" >&2\n    exit 1\nfi\n# This output is used by Xcode 'outputs' to avoid re-running this script phase.\necho \"SUCCESS\" > \"${SCRIPT_OUTPUT_FILE_0}\"\n";
			showEnvVarsInLog = 0;
		};
/* End PBXShellScriptBuildPhase section */

/* Begin PBXSourcesBuildPhase section */
		F5C7FEAA2D6AE79300E23BA8 /* Sources */ = {
			isa = PBXSourcesBuildPhase;
			buildActionMask = 2147483647;
			files = (
			);
			runOnlyForDeploymentPostprocessing = 0;
		};
		F5C7FEC82D6AE8FB00E23BA8 /* Sources */ = {
			isa = PBXSourcesBuildPhase;
			buildActionMask = 2147483647;
			files = (
			);
			runOnlyForDeploymentPostprocessing = 0;
		};
/* End PBXSourcesBuildPhase section */

/* Begin PBXTargetDependency section */
		F5C7FED12D6AE8FB00E23BA8 /* PBXTargetDependency */ = {
			isa = PBXTargetDependency;
			target = F5C7FEAD2D6AE79300E23BA8 /* EX */;
			targetProxy = F5C7FED02D6AE8FB00E23BA8 /* PBXContainerItemProxy */;
		};
/* End PBXTargetDependency section */

/* Begin XCBuildConfiguration section */
		F5C7FEBA2D6AE79400E23BA8 /* Debug */ = {
			isa = XCBuildConfiguration;
			buildSettings = {
				ALWAYS_SEARCH_USER_PATHS = NO;
				ASSETCATALOG_COMPILER_GENERATE_SWIFT_ASSET_SYMBOL_EXTENSIONS = YES;
				CLANG_ANALYZER_NONNULL = YES;
				CLANG_ANALYZER_NUMBER_OBJECT_CONVERSION = YES_AGGRESSIVE;
				CLANG_CXX_LANGUAGE_STANDARD = "gnu++20";
				CLANG_ENABLE_MODULES = YES;
				CLANG_ENABLE_OBJC_ARC = YES;
				CLANG_ENABLE_OBJC_WEAK = YES;
				CLANG_WARN_BLOCK_CAPTURE_AUTORELEASING = YES;
				CLANG_WARN_BOOL_CONVERSION = YES;
				CLANG_WARN_COMMA = YES;
				CLANG_WARN_CONSTANT_CONVERSION = YES;
				CLANG_WARN_DEPRECATED_OBJC_IMPLEMENTATIONS = YES;
				CLANG_WARN_DIRECT_OBJC_ISA_USAGE = YES_ERROR;
				CLANG_WARN_DOCUMENTATION_COMMENTS = YES;
				CLANG_WARN_EMPTY_BODY = YES;
				CLANG_WARN_ENUM_CONVERSION = YES;
				CLANG_WARN_INFINITE_RECURSION = YES;
				CLANG_WARN_INT_CONVERSION = YES;
				CLANG_WARN_NON_LITERAL_NULL_CONVERSION = YES;
				CLANG_WARN_OBJC_IMPLICIT_RETAIN_SELF = YES;
				CLANG_WARN_OBJC_LITERAL_CONVERSION = YES;
				CLANG_WARN_OBJC_ROOT_CLASS = YES_ERROR;
				CLANG_WARN_QUOTED_INCLUDE_IN_FRAMEWORK_HEADER = YES;
				CLANG_WARN_RANGE_LOOP_ANALYSIS = YES;
				CLANG_WARN_STRICT_PROTOTYPES = YES;
				CLANG_WARN_SUSPICIOUS_MOVE = YES;
				CLANG_WARN_UNGUARDED_AVAILABILITY = YES_AGGRESSIVE;
				CLANG_WARN_UNREACHABLE_CODE = YES;
				CLANG_WARN__DUPLICATE_METHOD_MATCH = YES;
				COPY_PHASE_STRIP = NO;
				DEBUG_INFORMATION_FORMAT = dwarf;
				ENABLE_STRICT_OBJC_MSGSEND = YES;
				ENABLE_TESTABILITY = YES;
				GCC_C_LANGUAGE_STANDARD = gnu17;
				GCC_DYNAMIC_NO_PIC = NO;
				GCC_NO_COMMON_BLOCKS = YES;
				GCC_OPTIMIZATION_LEVEL = 0;
				GCC_PREPROCESSOR_DEFINITIONS = (
					"DEBUG=1",
					"$(inherited)",
				);
				GCC_WARN_64_TO_32_BIT_CONVERSION = YES;
				GCC_WARN_ABOUT_RETURN_TYPE = YES_ERROR;
				GCC_WARN_UNDECLARED_SELECTOR = YES;
				GCC_WARN_UNINITIALIZED_AUTOS = YES_AGGRESSIVE;
				GCC_WARN_UNUSED_FUNCTION = YES;
				GCC_WARN_UNUSED_VARIABLE = YES;
				IPHONEOS_DEPLOYMENT_TARGET = 18.1;
				LOCALIZATION_PREFERS_STRING_CATALOGS = YES;
				MTL_ENABLE_DEBUG_INFO = INCLUDE_SOURCE;
				MTL_FAST_MATH = YES;
				ONLY_ACTIVE_ARCH = YES;
				SDKROOT = iphoneos;
				SWIFT_ACTIVE_COMPILATION_CONDITIONS = "DEBUG $(inherited)";
				SWIFT_OPTIMIZATION_LEVEL = "-Onone";
			};
			name = Debug;
		};
		F5C7FEBB2D6AE79400E23BA8 /* Release */ = {
			isa = XCBuildConfiguration;
			buildSettings = {
				ALWAYS_SEARCH_USER_PATHS = NO;
				ASSETCATALOG_COMPILER_GENERATE_SWIFT_ASSET_SYMBOL_EXTENSIONS = YES;
				CLANG_ANALYZER_NONNULL = YES;
				CLANG_ANALYZER_NUMBER_OBJECT_CONVERSION = YES_AGGRESSIVE;
				CLANG_CXX_LANGUAGE_STANDARD = "gnu++20";
				CLANG_ENABLE_MODULES = YES;
				CLANG_ENABLE_OBJC_ARC = YES;
				CLANG_ENABLE_OBJC_WEAK = YES;
				CLANG_WARN_BLOCK_CAPTURE_AUTORELEASING = YES;
				CLANG_WARN_BOOL_CONVERSION = YES;
				CLANG_WARN_COMMA = YES;
				CLANG_WARN_CONSTANT_CONVERSION = YES;
				CLANG_WARN_DEPRECATED_OBJC_IMPLEMENTATIONS = YES;
				CLANG_WARN_DIRECT_OBJC_ISA_USAGE = YES_ERROR;
				CLANG_WARN_DOCUMENTATION_COMMENTS = YES;
				CLANG_WARN_EMPTY_BODY = YES;
				CLANG_WARN_ENUM_CONVERSION = YES;
				CLANG_WARN_INFINITE_RECURSION = YES;
				CLANG_WARN_INT_CONVERSION = YES;
				CLANG_WARN_NON_LITERAL_NULL_CONVERSION = YES;
				CLANG_WARN_OBJC_IMPLICIT_RETAIN_SELF = YES;
				CLANG_WARN_OBJC_LITERAL_CONVERSION = YES;
				CLANG_WARN_OBJC_ROOT_CLASS = YES_ERROR;
				CLANG_WARN_QUOTED_INCLUDE_IN_FRAMEWORK_HEADER = YES;
				CLANG_WARN_RANGE_LOOP_ANALYSIS = YES;
				CLANG_WARN_STRICT_PROTOTYPES = YES;
				CLANG_WARN_SUSPICIOUS_MOVE = YES;
				CLANG_WARN_UNGUARDED_AVAILABILITY = YES_AGGRESSIVE;
				CLANG_WARN_UNREACHABLE_CODE = YES;
				CLANG_WARN__DUPLICATE_METHOD_MATCH = YES;
				COPY_PHASE_STRIP = NO;
				DEBUG_INFORMATION_FORMAT = "dwarf-with-dsym";
				ENABLE_NS_ASSERTIONS = NO;
				ENABLE_STRICT_OBJC_MSGSEND = YES;
				GCC_C_LANGUAGE_STANDARD = gnu17;
				GCC_NO_COMMON_BLOCKS = YES;
				GCC_WARN_64_TO_32_BIT_CONVERSION = YES;
				GCC_WARN_ABOUT_RETURN_TYPE = YES_ERROR;
				GCC_WARN_UNDECLARED_SELECTOR = YES;
				GCC_WARN_UNINITIALIZED_AUTOS = YES_AGGRESSIVE;
				GCC_WARN_UNUSED_FUNCTION = YES;
				GCC_WARN_UNUSED_VARIABLE = YES;
				IPHONEOS_DEPLOYMENT_TARGET = 18.1;
				LOCALIZATION_PREFERS_STRING_CATALOGS = YES;
				MTL_ENABLE_DEBUG_INFO = NO;
				MTL_FAST_MATH = YES;
				SDKROOT = iphoneos;
				SWIFT_COMPILATION_MODE = wholemodule;
				VALIDATE_PRODUCT = YES;
			};
			name = Release;
		};
		F5C7FEBD2D6AE79400E23BA8 /* Debug */ = {
			isa = XCBuildConfiguration;
			baseConfigurationReference = 695330E3A4FBF1013721D06C /* Pods-EX.debug.xcconfig */;
			buildSettings = {
				ASSETCATALOG_COMPILER_APPICON_NAME = AppIcon;
				ASSETCATALOG_COMPILER_GLOBAL_ACCENT_COLOR_NAME = AccentColor;
				CODE_SIGN_STYLE = Automatic;
				CURRENT_PROJECT_VERSION = 1;
				DEVELOPMENT_ASSET_PATHS = "\"EX/Preview Content\"";
				ENABLE_PREVIEWS = YES;
				GENERATE_INFOPLIST_FILE = YES;
				INFOPLIST_KEY_UIApplicationSceneManifest_Generation = YES;
				INFOPLIST_KEY_UIApplicationSupportsIndirectInputEvents = YES;
				INFOPLIST_KEY_UILaunchScreen_Generation = YES;
				INFOPLIST_KEY_UISupportedInterfaceOrientations_iPad = "UIInterfaceOrientationPortrait UIInterfaceOrientationPortraitUpsideDown UIInterfaceOrientationLandscapeLeft UIInterfaceOrientationLandscapeRight";
				INFOPLIST_KEY_UISupportedInterfaceOrientations_iPhone = "UIInterfaceOrientationPortrait UIInterfaceOrientationLandscapeLeft UIInterfaceOrientationLandscapeRight";
				LD_RUNPATH_SEARCH_PATHS = (
					"$(inherited)",
					"@executable_path/Frameworks",
				);
				MARKETING_VERSION = 1.0;
				PRODUCT_BUNDLE_IDENTIFIER = com.thuyen.EX;
				PRODUCT_NAME = "$(TARGET_NAME)";
				SWIFT_EMIT_LOC_STRINGS = YES;
				SWIFT_VERSION = 5.0;
				TARGETED_DEVICE_FAMILY = "1,2";
			};
			name = Debug;
		};
		F5C7FEBE2D6AE79400E23BA8 /* Release */ = {
			isa = XCBuildConfiguration;
			baseConfigurationReference = BB8D1EBBE403B17B8070C115 /* Pods-EX.release.xcconfig */;
			buildSettings = {
				ASSETCATALOG_COMPILER_APPICON_NAME = AppIcon;
				ASSETCATALOG_COMPILER_GLOBAL_ACCENT_COLOR_NAME = AccentColor;
				CODE_SIGN_STYLE = Automatic;
				CURRENT_PROJECT_VERSION = 1;
				DEVELOPMENT_ASSET_PATHS = "\"EX/Preview Content\"";
				ENABLE_PREVIEWS = YES;
				GENERATE_INFOPLIST_FILE = YES;
				INFOPLIST_KEY_UIApplicationSceneManifest_Generation = YES;
				INFOPLIST_KEY_UIApplicationSupportsIndirectInputEvents = YES;
				INFOPLIST_KEY_UILaunchScreen_Generation = YES;
				INFOPLIST_KEY_UISupportedInterfaceOrientations_iPad = "UIInterfaceOrientationPortrait UIInterfaceOrientationPortraitUpsideDown UIInterfaceOrientationLandscapeLeft UIInterfaceOrientationLandscapeRight";
				INFOPLIST_KEY_UISupportedInterfaceOrientations_iPhone = "UIInterfaceOrientationPortrait UIInterfaceOrientationLandscapeLeft UIInterfaceOrientationLandscapeRight";
				LD_RUNPATH_SEARCH_PATHS = (
					"$(inherited)",
					"@executable_path/Frameworks",
				);
				MARKETING_VERSION = 1.0;
				PRODUCT_BUNDLE_IDENTIFIER = com.thuyen.EX;
				PRODUCT_NAME = "$(TARGET_NAME)";
				SWIFT_EMIT_LOC_STRINGS = YES;
				SWIFT_VERSION = 5.0;
				TARGETED_DEVICE_FAMILY = "1,2";
			};
			name = Release;
		};
		F5C7FED22D6AE8FB00E23BA8 /* Debug */ = {
			isa = XCBuildConfiguration;
			baseConfigurationReference = 687CA55E612F84207FCCC87B /* Pods-EXTests.debug.xcconfig */;
			buildSettings = {
				BUNDLE_LOADER = "$(TEST_HOST)";
				CODE_SIGN_STYLE = Automatic;
				CURRENT_PROJECT_VERSION = 1;
				GENERATE_INFOPLIST_FILE = YES;
				MARKETING_VERSION = 1.0;
				PRODUCT_BUNDLE_IDENTIFIER = com.thuyen.EXTests;
				PRODUCT_NAME = "$(TARGET_NAME)";
				SWIFT_EMIT_LOC_STRINGS = NO;
				SWIFT_VERSION = 5.0;
				TARGETED_DEVICE_FAMILY = "1,2";
				TEST_HOST = "$(BUILT_PRODUCTS_DIR)/EX.app/$(BUNDLE_EXECUTABLE_FOLDER_PATH)/EX";
			};
			name = Debug;
		};
		F5C7FED32D6AE8FB00E23BA8 /* Release */ = {
			isa = XCBuildConfiguration;
			baseConfigurationReference = 67383E2C69324642D2452F66 /* Pods-EXTests.release.xcconfig */;
			buildSettings = {
				BUNDLE_LOADER = "$(TEST_HOST)";
				CODE_SIGN_STYLE = Automatic;
				CURRENT_PROJECT_VERSION = 1;
				GENERATE_INFOPLIST_FILE = YES;
				MARKETING_VERSION = 1.0;
				PRODUCT_BUNDLE_IDENTIFIER = com.thuyen.EXTests;
				PRODUCT_NAME = "$(TARGET_NAME)";
				SWIFT_EMIT_LOC_STRINGS = NO;
				SWIFT_VERSION = 5.0;
				TARGETED_DEVICE_FAMILY = "1,2";
				TEST_HOST = "$(BUILT_PRODUCTS_DIR)/EX.app/$(BUNDLE_EXECUTABLE_FOLDER_PATH)/EX";
			};
			name = Release;
		};
/* End XCBuildConfiguration section */

/* Begin XCConfigurationList section */
		F5C7FEA92D6AE79300E23BA8 /* Build configuration list for PBXProject "EX" */ = {
			isa = XCConfigurationList;
			buildConfigurations = (
				F5C7FEBA2D6AE79400E23BA8 /* Debug */,
				F5C7FEBB2D6AE79400E23BA8 /* Release */,
			);
			defaultConfigurationIsVisible = 0;
			defaultConfigurationName = Release;
		};
		F5C7FEBC2D6AE79400E23BA8 /* Build configuration list for PBXNativeTarget "EX" */ = {
			isa = XCConfigurationList;
			buildConfigurations = (
				F5C7FEBD2D6AE79400E23BA8 /* Debug */,
				F5C7FEBE2D6AE79400E23BA8 /* Release */,
			);
			defaultConfigurationIsVisible = 0;
			defaultConfigurationName = Release;
		};
		F5C7FED42D6AE8FB00E23BA8 /* Build configuration list for PBXNativeTarget "EXTests" */ = {
			isa = XCConfigurationList;
			buildConfigurations = (
				F5C7FED22D6AE8FB00E23BA8 /* Debug */,
				F5C7FED32D6AE8FB00E23BA8 /* Release */,
			);
			defaultConfigurationIsVisible = 0;
			defaultConfigurationName = Release;
		};
/* End XCConfigurationList section */
	};
	rootObject = F5C7FEA62D6AE79300E23BA8 /* Project object */;
}
